
Microsoft Visual Studio Solution File, Format Version 12.00
# Visual Studio 14
VisualStudioVersion = 14.0.25123.0
MinimumVisualStudioVersion = 10.0.40219.1
Project("{FAE04EC0-301F-11D3-BF4B-00C04F79EFBC}") = "RPG_Game", "RPG_Game\RPG_Game.csproj", "{D95439BB-3658-4048-91B2-65EFCC7E439B}"
EndProject
Project("{FAE04EC0-301F-11D3-BF4B-00C04F79EFBC}") = "Engine", "Engine\Engine.csproj", "{CE88BA4D-81D9-4F31-B7E3-CFF6DA723BD2}"
EndProject
Global
	GlobalSection(SolutionConfigurationPlatforms) = preSolution
		Debug|Any CPU = Debug|Any CPU
		Release|Any CPU = Release|Any CPU
	EndGlobalSection
	GlobalSection(ProjectConfigurationPlatforms) = postSolution
		{D95439BB-3658-4048-91B2-65EFCC7E439B}.Debug|Any CPU.ActiveCfg = Debug|Any CPU
		{D95439BB-3658-4048-91B2-65EFCC7E439B}.Debug|Any CPU.Build.0 = Debug|Any CPU
		{D95439BB-3658-4048-91B2-65EFCC7E439B}.Release|Any CPU.ActiveCfg = Release|Any CPU
		{D95439BB-3658-4048-91B2-65EFCC7E439B}.Release|Any CPU.Build.0 = Release|Any CPU
		{CE88BA4D-81D9-4F31-B7E3-CFF6DA723BD2}.Debug|Any CPU.ActiveCfg = Debug|Any CPU
		{CE88BA4D-81D9-4F31-B7E3-CFF6DA723BD2}.Debug|Any CPU.Build.0 = Debug|Any CPU
		{CE88BA4D-81D9-4F31-B7E3-CFF6DA723BD2}.Release|Any CPU.ActiveCfg = Release|Any CPU
		{CE88BA4D-81D9-4F31-B7E3-CFF6DA723BD2}.Release|Any CPU.Build.0 = Release|Any CPU
	EndGlobalSection
	GlobalSection(SolutionProperties) = preSolution
		HideSolutionNode = FALSE
	EndGlobalSection
EndGlobal
